
Microsoft Visual Studio Solution File, Format Version 12.00
# Visual Studio Version 16
VisualStudioVersion = 16.0.29102.190
MinimumVisualStudioVersion = 10.0.40219.1
Project("{FAE04EC0-301F-11D3-BF4B-00C04F79EFBC}") = "LabExercise10", "LabExercise10\LabExercise10.csproj", "{104FF39B-624F-4620-AC92-7A6407A9C496}"
EndProject
Global
	GlobalSection(SolutionConfigurationPlatforms) = preSolution
		Debug|Any CPU = Debug|Any CPU
		Release|Any CPU = Release|Any CPU
	EndGlobalSection
	GlobalSection(ProjectConfigurationPlatforms) = postSolution
		{104FF39B-624F-4620-AC92-7A6407A9C496}.Debug|Any CPU.ActiveCfg = Debug|Any CPU
		{104FF39B-624F-4620-AC92-7A6407A9C496}.Debug|Any CPU.Build.0 = Debug|Any CPU
		{104FF39B-624F-4620-AC92-7A6407A9C496}.Release|Any CPU.ActiveCfg = Release|Any CPU
		{104FF39B-624F-4620-AC92-7A6407A9C496}.Release|Any CPU.Build.0 = Release|Any CPU
	EndGlobalSection
	GlobalSection(SolutionProperties) = preSolution
		HideSolutionNode = FALSE
	EndGlobalSection
	GlobalSection(ExtensibilityGlobals) = postSolution
		SolutionGuid = {A355E776-A8E3-4593-B45F-89B360890623}
	EndGlobalSection
EndGlobal
