
Microsoft Visual Studio Solution File, Format Version 12.00
# Visual Studio Version 16
VisualStudioVersion = 16.0.29102.190
MinimumVisualStudioVersion = 10.0.40219.1
Project("{FAE04EC0-301F-11D3-BF4B-00C04F79EFBC}") = "LabExercise07", "LabExercise07\LabExercise07.csproj", "{B32A7995-C988-4BA2-A18D-2B07BC28D318}"
EndProject
Global
	GlobalSection(SolutionConfigurationPlatforms) = preSolution
		Debug|Any CPU = Debug|Any CPU
		Release|Any CPU = Release|Any CPU
	EndGlobalSection
	GlobalSection(ProjectConfigurationPlatforms) = postSolution
		{B32A7995-C988-4BA2-A18D-2B07BC28D318}.Debug|Any CPU.ActiveCfg = Debug|Any CPU
		{B32A7995-C988-4BA2-A18D-2B07BC28D318}.Debug|Any CPU.Build.0 = Debug|Any CPU
		{B32A7995-C988-4BA2-A18D-2B07BC28D318}.Release|Any CPU.ActiveCfg = Release|Any CPU
		{B32A7995-C988-4BA2-A18D-2B07BC28D318}.Release|Any CPU.Build.0 = Release|Any CPU
	EndGlobalSection
	GlobalSection(SolutionProperties) = preSolution
		HideSolutionNode = FALSE
	EndGlobalSection
	GlobalSection(ExtensibilityGlobals) = postSolution
		SolutionGuid = {89A188C4-D8EC-4AE0-880C-B609A3372BCE}
	EndGlobalSection
EndGlobal
