
Microsoft Visual Studio Solution File, Format Version 12.00
# Visual Studio Version 17
VisualStudioVersion = 17.13.35507.96 d17.13
MinimumVisualStudioVersion = 10.0.40219.1
Project("{FAE04EC0-301F-11D3-BF4B-00C04F79EFBC}") = "Lab4", "Lab4.csproj", "{8AA5E98A-CEAA-4E02-B006-97142591AF01}"
EndProject
Global
	GlobalSection(SolutionConfigurationPlatforms) = preSolution
		Debug|Any CPU = Debug|Any CPU
		Release|Any CPU = Release|Any CPU
	EndGlobalSection
	GlobalSection(ProjectConfigurationPlatforms) = postSolution
		{8AA5E98A-CEAA-4E02-B006-97142591AF01}.Debug|Any CPU.ActiveCfg = Debug|Any CPU
		{8AA5E98A-CEAA-4E02-B006-97142591AF01}.Debug|Any CPU.Build.0 = Debug|Any CPU
		{8AA5E98A-CEAA-4E02-B006-97142591AF01}.Release|Any CPU.ActiveCfg = Release|Any CPU
		{8AA5E98A-CEAA-4E02-B006-97142591AF01}.Release|Any CPU.Build.0 = Release|Any CPU
	EndGlobalSection
	GlobalSection(SolutionProperties) = preSolution
		HideSolutionNode = FALSE
	EndGlobalSection
	GlobalSection(ExtensibilityGlobals) = postSolution
		SolutionGuid = {983C373B-EC6C-4261-AA3C-DEFB31486A87}
	EndGlobalSection
EndGlobal
